// !$*UTF8*$!
{
	archiveVersion = 1;
	classes = {
	};
	objectVersion = 46;
	objects = {

/* Begin PBXBuildFile section */
		83C82C1E1BE3F9B9008B2F83 /* AppDelegate.swift in Sources */ = {isa = PBXBuildFile; fileRef = 83C82C1D1BE3F9B9008B2F83 /* AppDelegate.swift */; };
		83C82C201BE3F9B9008B2F83 /* ViewController.swift in Sources */ = {isa = PBXBuildFile; fileRef = 83C82C1F1BE3F9B9008B2F83 /* ViewController.swift */; };
		83C82C231BE3F9B9008B2F83 /* Main.storyboard in Resources */ = {isa = PBXBuildFile; fileRef = 83C82C211BE3F9B9008B2F83 /* Main.storyboard */; };
		83C82C251BE3F9B9008B2F83 /* Assets.xcassets in Resources */ = {isa = PBXBuildFile; fileRef = 83C82C241BE3F9B9008B2F83 /* Assets.xcassets */; };
		83C82C281BE3F9B9008B2F83 /* LaunchScreen.storyboard in Resources */ = {isa = PBXBuildFile; fileRef = 83C82C261BE3F9B9008B2F83 /* LaunchScreen.storyboard */; };
		83C82C331BE3F9B9008B2F83 /* ProgrammaticAutoLayoutMiniTests.swift in Sources */ = {isa = PBXBuildFile; fileRef = 83C82C321BE3F9B9008B2F83 /* ProgrammaticAutoLayoutMiniTests.swift */; };
		83C82C3E1BE3F9B9008B2F83 /* ProgrammaticAutoLayoutMiniUITests.swift in Sources */ = {isa = PBXBuildFile; fileRef = 83C82C3D1BE3F9B9008B2F83 /* ProgrammaticAutoLayoutMiniUITests.swift */; };
/* End PBXBuildFile section */

/* Begin PBXContainerItemProxy section */
		83C82C2F1BE3F9B9008B2F83 /* PBXContainerItemProxy */ = {
			isa = PBXContainerItemProxy;
			containerPortal = 83C82C121BE3F9B9008B2F83 /* Project object */;
			proxyType = 1;
			remoteGlobalIDString = 83C82C191BE3F9B9008B2F83;
			remoteInfo = ProgrammaticAutoLayoutMini;
		};
		83C82C3A1BE3F9B9008B2F83 /* PBXContainerItemProxy */ = {
			isa = PBXContainerItemProxy;
			containerPortal = 83C82C121BE3F9B9008B2F83 /* Project object */;
			proxyType = 1;
			remoteGlobalIDString = 83C82C191BE3F9B9008B2F83;
			remoteInfo = ProgrammaticAutoLayoutMini;
		};
/* End PBXContainerItemProxy section */

/* Begin PBXFileReference section */
		83C82C1A1BE3F9B9008B2F83 /* ProgrammaticAutoLayoutMini.app */ = {isa = PBXFileReference; explicitFileType = wrapper.application; includeInIndex = 0; path = ProgrammaticAutoLayoutMini.app; sourceTree = BUILT_PRODUCTS_DIR; };
		83C82C1D1BE3F9B9008B2F83 /* AppDelegate.swift */ = {isa = PBXFileReference; lastKnownFileType = sourcecode.swift; path = AppDelegate.swift; sourceTree = "<group>"; };
		83C82C1F1BE3F9B9008B2F83 /* ViewController.swift */ = {isa = PBXFileReference; lastKnownFileType = sourcecode.swift; path = ViewController.swift; sourceTree = "<group>"; };
		83C82C221BE3F9B9008B2F83 /* Base */ = {isa = PBXFileReference; lastKnownFileType = file.storyboard; name = Base; path = Base.lproj/Main.storyboard; sourceTree = "<group>"; };
		83C82C241BE3F9B9008B2F83 /* Assets.xcassets */ = {isa = PBXFileReference; lastKnownFileType = folder.assetcatalog; path = Assets.xcassets; sourceTree = "<group>"; };
		83C82C271BE3F9B9008B2F83 /* Base */ = {isa = PBXFileReference; lastKnownFileType = file.storyboard; name = Base; path = Base.lproj/LaunchScreen.storyboard; sourceTree = "<group>"; };
		83C82C291BE3F9B9008B2F83 /* Info.plist */ = {isa = PBXFileReference; lastKnownFileType = text.plist.xml; path = Info.plist; sourceTree = "<group>"; };
		83C82C2E1BE3F9B9008B2F83 /* ProgrammaticAutoLayoutMiniTests.xctest */ = {isa = PBXFileReference; explicitFileType = wrapper.cfbundle; includeInIndex = 0; path = ProgrammaticAutoLayoutMiniTests.xctest; sourceTree = BUILT_PRODUCTS_DIR; };
		83C82C321BE3F9B9008B2F83 /* ProgrammaticAutoLayoutMiniTests.swift */ = {isa = PBXFileReference; lastKnownFileType = sourcecode.swift; path = ProgrammaticAutoLayoutMiniTests.swift; sourceTree = "<group>"; };
		83C82C341BE3F9B9008B2F83 /* Info.plist */ = {isa = PBXFileReference; lastKnownFileType = text.plist.xml; path = Info.plist; sourceTree = "<group>"; };
		83C82C391BE3F9B9008B2F83 /* ProgrammaticAutoLayoutMiniUITests.xctest */ = {isa = PBXFileReference; explicitFileType = wrapper.cfbundle; includeInIndex = 0; path = ProgrammaticAutoLayoutMiniUITests.xctest; sourceTree = BUILT_PRODUCTS_DIR; };
		83C82C3D1BE3F9B9008B2F83 /* ProgrammaticAutoLayoutMiniUITests.swift */ = {isa = PBXFileReference; lastKnownFileType = sourcecode.swift; path = ProgrammaticAutoLayoutMiniUITests.swift; sourceTree = "<group>"; };
		83C82C3F1BE3F9B9008B2F83 /* Info.plist */ = {isa = PBXFileReference; lastKnownFileType = text.plist.xml; path = Info.plist; sourceTree = "<group>"; };
/* End PBXFileReference section */

/* Begin PBXFrameworksBuildPhase section */
		83C82C171BE3F9B9008B2F83 /* Frameworks */ = {
			isa = PBXFrameworksBuildPhase;
			buildActionMask = 2147483647;
			files = (
			);
			runOnlyForDeploymentPostprocessing = 0;
		};
		83C82C2B1BE3F9B9008B2F83 /* Frameworks */ = {
			isa = PBXFrameworksBuildPhase;
			buildActionMask = 2147483647;
			files = (
			);
			runOnlyForDeploymentPostprocessing = 0;
		};
		83C82C361BE3F9B9008B2F83 /* Frameworks */ = {
			isa = PBXFrameworksBuildPhase;
			buildActionMask = 2147483647;
			files = (
			);
			runOnlyForDeploymentPostprocessing = 0;
		};
/* End PBXFrameworksBuildPhase section */

/* Begin PBXGroup section */
		83C82C111BE3F9B9008B2F83 = {
			isa = PBXGroup;
			children = (
				83C82C1C1BE3F9B9008B2F83 /* ProgrammaticAutoLayoutMini */,
				83C82C311BE3F9B9008B2F83 /* ProgrammaticAutoLayoutMiniTests */,
				83C82C3C1BE3F9B9008B2F83 /* ProgrammaticAutoLayoutMiniUITests */,
				83C82C1B1BE3F9B9008B2F83 /* Products */,
			);
			sourceTree = "<group>";
		};
		83C82C1B1BE3F9B9008B2F83 /* Products */ = {
			isa = PBXGroup;
			children = (
				83C82C1A1BE3F9B9008B2F83 /* ProgrammaticAutoLayoutMini.app */,
				83C82C2E1BE3F9B9008B2F83 /* ProgrammaticAutoLayoutMiniTests.xctest */,
				83C82C391BE3F9B9008B2F83 /* ProgrammaticAutoLayoutMiniUITests.xctest */,
			);
			name = Products;
			sourceTree = "<group>";
		};
		83C82C1C1BE3F9B9008B2F83 /* ProgrammaticAutoLayoutMini */ = {
			isa = PBXGroup;
			children = (
				83C82C1D1BE3F9B9008B2F83 /* AppDelegate.swift */,
				83C82C1F1BE3F9B9008B2F83 /* ViewController.swift */,
				83C82C211BE3F9B9008B2F83 /* Main.storyboard */,
				83C82C241BE3F9B9008B2F83 /* Assets.xcassets */,
				83C82C261BE3F9B9008B2F83 /* LaunchScreen.storyboard */,
				83C82C291BE3F9B9008B2F83 /* Info.plist */,
			);
			path = ProgrammaticAutoLayoutMini;
			sourceTree = "<group>";
		};
		83C82C311BE3F9B9008B2F83 /* ProgrammaticAutoLayoutMiniTests */ = {
			isa = PBXGroup;
			children = (
				83C82C321BE3F9B9008B2F83 /* ProgrammaticAutoLayoutMiniTests.swift */,
				83C82C341BE3F9B9008B2F83 /* Info.plist */,
			);
			path = ProgrammaticAutoLayoutMiniTests;
			sourceTree = "<group>";
		};
		83C82C3C1BE3F9B9008B2F83 /* ProgrammaticAutoLayoutMiniUITests */ = {
			isa = PBXGroup;
			children = (
				83C82C3D1BE3F9B9008B2F83 /* ProgrammaticAutoLayoutMiniUITests.swift */,
				83C82C3F1BE3F9B9008B2F83 /* Info.plist */,
			);
			path = ProgrammaticAutoLayoutMiniUITests;
			sourceTree = "<group>";
		};
/* End PBXGroup section */

/* Begin PBXNativeTarget section */
		83C82C191BE3F9B9008B2F83 /* ProgrammaticAutoLayoutMini */ = {
			isa = PBXNativeTarget;
			buildConfigurationList = 83C82C421BE3F9B9008B2F83 /* Build configuration list for PBXNativeTarget "ProgrammaticAutoLayoutMini" */;
			buildPhases = (
				83C82C161BE3F9B9008B2F83 /* Sources */,
				83C82C171BE3F9B9008B2F83 /* Frameworks */,
				83C82C181BE3F9B9008B2F83 /* Resources */,
			);
			buildRules = (
			);
			dependencies = (
			);
			name = ProgrammaticAutoLayoutMini;
			productName = ProgrammaticAutoLayoutMini;
			productReference = 83C82C1A1BE3F9B9008B2F83 /* ProgrammaticAutoLayoutMini.app */;
			productType = "com.apple.product-type.application";
		};
		83C82C2D1BE3F9B9008B2F83 /* ProgrammaticAutoLayoutMiniTests */ = {
			isa = PBXNativeTarget;
			buildConfigurationList = 83C82C451BE3F9B9008B2F83 /* Build configuration list for PBXNativeTarget "ProgrammaticAutoLayoutMiniTests" */;
			buildPhases = (
				83C82C2A1BE3F9B9008B2F83 /* Sources */,
				83C82C2B1BE3F9B9008B2F83 /* Frameworks */,
				83C82C2C1BE3F9B9008B2F83 /* Resources */,
			);
			buildRules = (
			);
			dependencies = (
				83C82C301BE3F9B9008B2F83 /* PBXTargetDependency */,
			);
			name = ProgrammaticAutoLayoutMiniTests;
			productName = ProgrammaticAutoLayoutMiniTests;
			productReference = 83C82C2E1BE3F9B9008B2F83 /* ProgrammaticAutoLayoutMiniTests.xctest */;
			productType = "com.apple.product-type.bundle.unit-test";
		};
		83C82C381BE3F9B9008B2F83 /* ProgrammaticAutoLayoutMiniUITests */ = {
			isa = PBXNativeTarget;
			buildConfigurationList = 83C82C481BE3F9B9008B2F83 /* Build configuration list for PBXNativeTarget "ProgrammaticAutoLayoutMiniUITests" */;
			buildPhases = (
				83C82C351BE3F9B9008B2F83 /* Sources */,
				83C82C361BE3F9B9008B2F83 /* Frameworks */,
				83C82C371BE3F9B9008B2F83 /* Resources */,
			);
			buildRules = (
			);
			dependencies = (
				83C82C3B1BE3F9B9008B2F83 /* PBXTargetDependency */,
			);
			name = ProgrammaticAutoLayoutMiniUITests;
			productName = ProgrammaticAutoLayoutMiniUITests;
			productReference = 83C82C391BE3F9B9008B2F83 /* ProgrammaticAutoLayoutMiniUITests.xctest */;
			productType = "com.apple.product-type.bundle.ui-testing";
		};
/* End PBXNativeTarget section */

/* Begin PBXProject section */
		83C82C121BE3F9B9008B2F83 /* Project object */ = {
			isa = PBXProject;
			attributes = {
				LastUpgradeCheck = 0700;
				ORGANIZATIONNAME = "Jordan Nelson";
				TargetAttributes = {
					83C82C191BE3F9B9008B2F83 = {
						CreatedOnToolsVersion = 7.0.1;
					};
					83C82C2D1BE3F9B9008B2F83 = {
						CreatedOnToolsVersion = 7.0.1;
						TestTargetID = 83C82C191BE3F9B9008B2F83;
					};
					83C82C381BE3F9B9008B2F83 = {
						CreatedOnToolsVersion = 7.0.1;
						TestTargetID = 83C82C191BE3F9B9008B2F83;
					};
				};
			};
			buildConfigurationList = 83C82C151BE3F9B9008B2F83 /* Build configuration list for PBXProject "ProgrammaticAutoLayoutMini" */;
			compatibilityVersion = "Xcode 3.2";
			developmentRegion = English;
			hasScannedForEncodings = 0;
			knownRegions = (
				en,
				Base,
			);
			mainGroup = 83C82C111BE3F9B9008B2F83;
			productRefGroup = 83C82C1B1BE3F9B9008B2F83 /* Products */;
			projectDirPath = "";
			projectRoot = "";
			targets = (
				83C82C191BE3F9B9008B2F83 /* ProgrammaticAutoLayoutMini */,
				83C82C2D1BE3F9B9008B2F83 /* ProgrammaticAutoLayoutMiniTests */,
				83C82C381BE3F9B9008B2F83 /* ProgrammaticAutoLayoutMiniUITests */,
			);
		};
/* End PBXProject section */

/* Begin PBXResourcesBuildPhase section */
		83C82C181BE3F9B9008B2F83 /* Resources */ = {
			isa = PBXResourcesBuildPhase;
			buildActionMask = 2147483647;
			files = (
				83C82C281BE3F9B9008B2F83 /* LaunchScreen.storyboard in Resources */,
				83C82C251BE3F9B9008B2F83 /* Assets.xcassets in Resources */,
				83C82C231BE3F9B9008B2F83 /* Main.storyboard in Resources */,
			);
			runOnlyForDeploymentPostprocessing = 0;
		};
		83C82C2C1BE3F9B9008B2F83 /* Resources */ = {
			isa = PBXResourcesBuildPhase;
			buildActionMask = 2147483647;
			files = (
			);
			runOnlyForDeploymentPostprocessing = 0;
		};
		83C82C371BE3F9B9008B2F83 /* Resources */ = {
			isa = PBXResourcesBuildPhase;
			buildActionMask = 2147483647;
			files = (
			);
			runOnlyForDeploymentPostprocessing = 0;
		};
/* End PBXResourcesBuildPhase section */

/* Begin PBXSourcesBuildPhase section */
		83C82C161BE3F9B9008B2F83 /* Sources */ = {
			isa = PBXSourcesBuildPhase;
			buildActionMask = 2147483647;
			files = (
				83C82C201BE3F9B9008B2F83 /* ViewController.swift in Sources */,
				83C82C1E1BE3F9B9008B2F83 /* AppDelegate.swift in Sources */,
			);
			runOnlyForDeploymentPostprocessing = 0;
		};
		83C82C2A1BE3F9B9008B2F83 /* Sources */ = {
			isa = PBXSourcesBuildPhase;
			buildActionMask = 2147483647;
			files = (
				83C82C331BE3F9B9008B2F83 /* ProgrammaticAutoLayoutMiniTests.swift in Sources */,
			);
			runOnlyForDeploymentPostprocessing = 0;
		};
		83C82C351BE3F9B9008B2F83 /* Sources */ = {
			isa = PBXSourcesBuildPhase;
			buildActionMask = 2147483647;
			files = (
				83C82C3E1BE3F9B9008B2F83 /* ProgrammaticAutoLayoutMiniUITests.swift in Sources */,
			);
			runOnlyForDeploymentPostprocessing = 0;
		};
/* End PBXSourcesBuildPhase section */

/* Begin PBXTargetDependency section */
		83C82C301BE3F9B9008B2F83 /* PBXTargetDependency */ = {
			isa = PBXTargetDependency;
			target = 83C82C191BE3F9B9008B2F83 /* ProgrammaticAutoLayoutMini */;
			targetProxy = 83C82C2F1BE3F9B9008B2F83 /* PBXContainerItemProxy */;
		};
		83C82C3B1BE3F9B9008B2F83 /* PBXTargetDependency */ = {
			isa = PBXTargetDependency;
			target = 83C82C191BE3F9B9008B2F83 /* ProgrammaticAutoLayoutMini */;
			targetProxy = 83C82C3A1BE3F9B9008B2F83 /* PBXContainerItemProxy */;
		};
/* End PBXTargetDependency section */

/* Begin PBXVariantGroup section */
		83C82C211BE3F9B9008B2F83 /* Main.storyboard */ = {
			isa = PBXVariantGroup;
			children = (
				83C82C221BE3F9B9008B2F83 /* Base */,
			);
			name = Main.storyboard;
			sourceTree = "<group>";
		};
		83C82C261BE3F9B9008B2F83 /* LaunchScreen.storyboard */ = {
			isa = PBXVariantGroup;
			children = (
				83C82C271BE3F9B9008B2F83 /* Base */,
			);
			name = LaunchScreen.storyboard;
			sourceTree = "<group>";
		};
/* End PBXVariantGroup section */

/* Begin XCBuildConfiguration section */
		83C82C401BE3F9B9008B2F83 /* Debug */ = {
			isa = XCBuildConfiguration;
			buildSettings = {
				ALWAYS_SEARCH_USER_PATHS = NO;
				CLANG_CXX_LANGUAGE_STANDARD = "gnu++0x";
				CLANG_CXX_LIBRARY = "libc++";
				CLANG_ENABLE_MODULES = YES;
				CLANG_ENABLE_OBJC_ARC = YES;
				CLANG_WARN_BOOL_CONVERSION = YES;
				CLANG_WARN_CONSTANT_CONVERSION = YES;
				CLANG_WARN_DIRECT_OBJC_ISA_USAGE = YES_ERROR;
				CLANG_WARN_EMPTY_BODY = YES;
				CLANG_WARN_ENUM_CONVERSION = YES;
				CLANG_WARN_INT_CONVERSION = YES;
				CLANG_WARN_OBJC_ROOT_CLASS = YES_ERROR;
				CLANG_WARN_UNREACHABLE_CODE = YES;
				CLANG_WARN__DUPLICATE_METHOD_MATCH = YES;
				"CODE_SIGN_IDENTITY[sdk=iphoneos*]" = "iPhone Developer";
				COPY_PHASE_STRIP = NO;
				DEBUG_INFORMATION_FORMAT = dwarf;
				ENABLE_STRICT_OBJC_MSGSEND = YES;
				ENABLE_TESTABILITY = YES;
				GCC_C_LANGUAGE_STANDARD = gnu99;
				GCC_DYNAMIC_NO_PIC = NO;
				GCC_NO_COMMON_BLOCKS = YES;
				GCC_OPTIMIZATION_LEVEL = 0;
				GCC_PREPROCESSOR_DEFINITIONS = (
					"DEBUG=1",
					"$(inherited)",
				);
				GCC_WARN_64_TO_32_BIT_CONVERSION = YES;
				GCC_WARN_ABOUT_RETURN_TYPE = YES_ERROR;
				GCC_WARN_UNDECLARED_SELECTOR = YES;
				GCC_WARN_UNINITIALIZED_AUTOS = YES_AGGRESSIVE;
				GCC_WARN_UNUSED_FUNCTION = YES;
				GCC_WARN_UNUSED_VARIABLE = YES;
				IPHONEOS_DEPLOYMENT_TARGET = 9.0;
				MTL_ENABLE_DEBUG_INFO = YES;
				ONLY_ACTIVE_ARCH = YES;
				SDKROOT = iphoneos;
				SWIFT_OPTIMIZATION_LEVEL = "-Onone";
				TARGETED_DEVICE_FAMILY = "1,2";
			};
			name = Debug;
		};
		83C82C411BE3F9B9008B2F83 /* Release */ = {
			isa = XCBuildConfiguration;
			buildSettings = {
				ALWAYS_SEARCH_USER_PATHS = NO;
				CLANG_CXX_LANGUAGE_STANDARD = "gnu++0x";
				CLANG_CXX_LIBRARY = "libc++";
				CLANG_ENABLE_MODULES = YES;
				CLANG_ENABLE_OBJC_ARC = YES;
				CLANG_WARN_BOOL_CONVERSION = YES;
				CLANG_WARN_CONSTANT_CONVERSION = YES;
				CLANG_WARN_DIRECT_OBJC_ISA_USAGE = YES_ERROR;
				CLANG_WARN_EMPTY_BODY = YES;
				CLANG_WARN_ENUM_CONVERSION = YES;
				CLANG_WARN_INT_CONVERSION = YES;
				CLANG_WARN_OBJC_ROOT_CLASS = YES_ERROR;
				CLANG_WARN_UNREACHABLE_CODE = YES;
				CLANG_WARN__DUPLICATE_METHOD_MATCH = YES;
				"CODE_SIGN_IDENTITY[sdk=iphoneos*]" = "iPhone Developer";
				COPY_PHASE_STRIP = NO;
				DEBUG_INFORMATION_FORMAT = "dwarf-with-dsym";
				ENABLE_NS_ASSERTIONS = NO;
				ENABLE_STRICT_OBJC_MSGSEND = YES;
				GCC_C_LANGUAGE_STANDARD = gnu99;
				GCC_NO_COMMON_BLOCKS = YES;
				GCC_WARN_64_TO_32_BIT_CONVERSION = YES;
				GCC_WARN_ABOUT_RETURN_TYPE = YES_ERROR;
				GCC_WARN_UNDECLARED_SELECTOR = YES;
				GCC_WARN_UNINITIALIZED_AUTOS = YES_AGGRESSIVE;
				GCC_WARN_UNUSED_FUNCTION = YES;
				GCC_WARN_UNUSED_VARIABLE = YES;
				IPHONEOS_DEPLOYMENT_TARGET = 9.0;
				MTL_ENABLE_DEBUG_INFO = NO;
				SDKROOT = iphoneos;
				TARGETED_DEVICE_FAMILY = "1,2";
				VALIDATE_PRODUCT = YES;
			};
			name = Release;
		};
		83C82C431BE3F9B9008B2F83 /* Debug */ = {
			isa = XCBuildConfiguration;
			buildSettings = {
				ASSETCATALOG_COMPILER_APPICON_NAME = AppIcon;
				INFOPLIST_FILE = ProgrammaticAutoLayoutMini/Info.plist;
				LD_RUNPATH_SEARCH_PATHS = "$(inherited) @executable_path/Frameworks";
				PRODUCT_BUNDLE_IDENTIFIER = DevMtn.ProgrammaticAutoLayoutMini;
				PRODUCT_NAME = "$(TARGET_NAME)";
			};
			name = Debug;
		};
		83C82C441BE3F9B9008B2F83 /* Release */ = {
			isa = XCBuildConfiguration;
			buildSettings = {
				ASSETCATALOG_COMPILER_APPICON_NAME = AppIcon;
				INFOPLIST_FILE = ProgrammaticAutoLayoutMini/Info.plist;
				LD_RUNPATH_SEARCH_PATHS = "$(inherited) @executable_path/Frameworks";
				PRODUCT_BUNDLE_IDENTIFIER = DevMtn.ProgrammaticAutoLayoutMini;
				PRODUCT_NAME = "$(TARGET_NAME)";
			};
			name = Release;
		};
		83C82C461BE3F9B9008B2F83 /* Debug */ = {
			isa = XCBuildConfiguration;
			buildSettings = {
				BUNDLE_LOADER = "$(TEST_HOST)";
				INFOPLIST_FILE = ProgrammaticAutoLayoutMiniTests/Info.plist;
				LD_RUNPATH_SEARCH_PATHS = "$(inherited) @executable_path/Frameworks @loader_path/Frameworks";
				PRODUCT_BUNDLE_IDENTIFIER = DevMtn.ProgrammaticAutoLayoutMiniTests;
				PRODUCT_NAME = "$(TARGET_NAME)";
				TEST_HOST = "$(BUILT_PRODUCTS_DIR)/ProgrammaticAutoLayoutMini.app/ProgrammaticAutoLayoutMini";
			};
			name = Debug;
		};
		83C82C471BE3F9B9008B2F83 /* Release */ = {
			isa = XCBuildConfiguration;
			buildSettings = {
				BUNDLE_LOADER = "$(TEST_HOST)";
				INFOPLIST_FILE = ProgrammaticAutoLayoutMiniTests/Info.plist;
				LD_RUNPATH_SEARCH_PATHS = "$(inherited) @executable_path/Frameworks @loader_path/Frameworks";
				PRODUCT_BUNDLE_IDENTIFIER = DevMtn.ProgrammaticAutoLayoutMiniTests;
				PRODUCT_NAME = "$(TARGET_NAME)";
				TEST_HOST = "$(BUILT_PRODUCTS_DIR)/ProgrammaticAutoLayoutMini.app/ProgrammaticAutoLayoutMini";
			};
			name = Release;
		};
		83C82C491BE3F9B9008B2F83 /* Debug */ = {
			isa = XCBuildConfiguration;
			buildSettings = {
				INFOPLIST_FILE = ProgrammaticAutoLayoutMiniUITests/Info.plist;
				LD_RUNPATH_SEARCH_PATHS = "$(inherited) @executable_path/Frameworks @loader_path/Frameworks";
				PRODUCT_BUNDLE_IDENTIFIER = DevMtn.ProgrammaticAutoLayoutMiniUITests;
				PRODUCT_NAME = "$(TARGET_NAME)";
				TEST_TARGET_NAME = ProgrammaticAutoLayoutMini;
				USES_XCTRUNNER = YES;
			};
			name = Debug;
		};
		83C82C4A1BE3F9B9008B2F83 /* Release */ = {
			isa = XCBuildConfiguration;
			buildSettings = {
				INFOPLIST_FILE = ProgrammaticAutoLayoutMiniUITests/Info.plist;
				LD_RUNPATH_SEARCH_PATHS = "$(inherited) @executable_path/Frameworks @loader_path/Frameworks";
				PRODUCT_BUNDLE_IDENTIFIER = DevMtn.ProgrammaticAutoLayoutMiniUITests;
				PRODUCT_NAME = "$(TARGET_NAME)";
				TEST_TARGET_NAME = ProgrammaticAutoLayoutMini;
				USES_XCTRUNNER = YES;
			};
			name = Release;
		};
/* End XCBuildConfiguration section */

/* Begin XCConfigurationList section */
		83C82C151BE3F9B9008B2F83 /* Build configuration list for PBXProject "ProgrammaticAutoLayoutMini" */ = {
			isa = XCConfigurationList;
			buildConfigurations = (
				83C82C401BE3F9B9008B2F83 /* Debug */,
				83C82C411BE3F9B9008B2F83 /* Release */,
			);
			defaultConfigurationIsVisible = 0;
			defaultConfigurationName = Release;
		};
		83C82C421BE3F9B9008B2F83 /* Build configuration list for PBXNativeTarget "ProgrammaticAutoLayoutMini" */ = {
			isa = XCConfigurationList;
			buildConfigurations = (
				83C82C431BE3F9B9008B2F83 /* Debug */,
				83C82C441BE3F9B9008B2F83 /* Release */,
			);
			defaultConfigurationIsVisible = 0;
		};
		83C82C451BE3F9B9008B2F83 /* Build configuration list for PBXNativeTarget "ProgrammaticAutoLayoutMiniTests" */ = {
			isa = XCConfigurationList;
			buildConfigurations = (
				83C82C461BE3F9B9008B2F83 /* Debug */,
				83C82C471BE3F9B9008B2F83 /* Release */,
			);
			defaultConfigurationIsVisible = 0;
		};
		83C82C481BE3F9B9008B2F83 /* Build configuration list for PBXNativeTarget "ProgrammaticAutoLayoutMiniUITests" */ = {
			isa = XCConfigurationList;
			buildConfigurations = (
				83C82C491BE3F9B9008B2F83 /* Debug */,
				83C82C4A1BE3F9B9008B2F83 /* Release */,
			);
			defaultConfigurationIsVisible = 0;
		};
/* End XCConfigurationList section */
	};
	rootObject = 83C82C121BE3F9B9008B2F83 /* Project object */;
}
